// !$*UTF8*$!
{
	archiveVersion = 1;
	classes = {
	};
	objectVersion = 46;
	objects = {

/* Begin PBXAggregateTarget section */
		300F96CD396445F98A4658E6 /* ZERO_CHECK */ = {
			isa = PBXAggregateTarget;
			buildConfigurationList = AA61BE4AF5D74DAE872F89D6 /* Build configuration list for PBXAggregateTarget "ZERO_CHECK" */;
			buildPhases = (
				820D08F8C8C1EA2AF26AD06F /* Generate CMakeFiles/ZERO_CHECK */,
			);
			dependencies = (
			);
			name = ZERO_CHECK;
			productName = ZERO_CHECK;
		};
		963279ACB4194F07B25B13A5 /* ALL_BUILD */ = {
			isa = PBXAggregateTarget;
			buildConfigurationList = 276CED907B5F4BDB80253331 /* Build configuration list for PBXAggregateTarget "ALL_BUILD" */;
			buildPhases = (
				C76AE49D9CE8C80446950557 /* Generate CMakeFiles/ALL_BUILD */,
			);
			dependencies = (
				62BD8EA075DB4CD58E369EE7 /* PBXTargetDependency */,
				CE5EEDC87922453DA6E60E26 /* PBXTargetDependency */,
			);
			name = ALL_BUILD;
			productName = ALL_BUILD;
		};
/* End PBXAggregateTarget section */

/* Begin PBXBuildFile section */
		130F3C55540848D7B6D5608F /* /Users/olivia/FinalProject/FinalProject/src/GameFunctions.hpp */ = {isa = PBXBuildFile; fileRef = 8AB84230F90E4717B121BC75 /* /Users/olivia/FinalProject/FinalProject/src/GameFunctions.hpp */; };
		35BA36786B0247F7A34C2CEF /* /Users/olivia/FinalProject/FinalProject/src/Levels.cpp */ = {isa = PBXBuildFile; fileRef = 79168CB2996B403C8C547F78 /* /Users/olivia/FinalProject/FinalProject/src/Levels.cpp */; };
		6CDCB2045EAB4995BE4697E3 /* /Users/olivia/FinalProject/FinalProject/CMakeLists.txt */ = {isa = PBXBuildFile; fileRef = A2359C34EC0340D99713F781 /* /Users/olivia/FinalProject/FinalProject/CMakeLists.txt */; };
		9615A0C240F44775829D6B2F /* /Users/olivia/FinalProject/FinalProject/src/Levels.hpp */ = {isa = PBXBuildFile; fileRef = A0BC7F4553EC4E6F82526FF5 /* /Users/olivia/FinalProject/FinalProject/src/Levels.hpp */; };
		DEA783E0BB044534875B6C83 /* /Users/olivia/FinalProject/FinalProject/src/GameMain.cpp */ = {isa = PBXBuildFile; fileRef = 6070C6019E1B406C90E816F9 /* /Users/olivia/FinalProject/FinalProject/src/GameMain.cpp */; };
		EA6AA2BA70914318831BD532 /* /Users/olivia/FinalProject/FinalProject/src/GameFunctions.cpp */ = {isa = PBXBuildFile; fileRef = A0A9CD9845384C76B1B425DD /* /Users/olivia/FinalProject/FinalProject/src/GameFunctions.cpp */; };
/* End PBXBuildFile section */

/* Begin PBXBuildStyle section */
		4C22EA3DD75A40DD86FADA7F /* Debug */ = {
			isa = PBXBuildStyle;
			buildSettings = {
				COPY_PHASE_STRIP = NO;
			};
			name = Debug;
		};
		9AEACFD97B65408D90BC6993 /* MinSizeRel */ = {
			isa = PBXBuildStyle;
			buildSettings = {
				COPY_PHASE_STRIP = NO;
			};
			name = MinSizeRel;
		};
		F82D411872004AF0B1B82B67 /* RelWithDebInfo */ = {
			isa = PBXBuildStyle;
			buildSettings = {
				COPY_PHASE_STRIP = NO;
			};
			name = RelWithDebInfo;
		};
		F9F5D06C4DE44C1FBD7C33A8 /* Release */ = {
			isa = PBXBuildStyle;
			buildSettings = {
				COPY_PHASE_STRIP = NO;
			};
			name = Release;
		};
/* End PBXBuildStyle section */

/* Begin PBXContainerItemProxy section */
		2485E59C90A94E40AD43C84E /* PBXContainerItemProxy */ = {
			isa = PBXContainerItemProxy;
			containerPortal = 8955223E00724B499023C316 /* Project object */;
			proxyType = 1;
			remoteGlobalIDString = 77732448F1C04AB0A60A464F;
			remoteInfo = FinalProject;
		};
		357BA9EE576E434EA97357B9 /* PBXContainerItemProxy */ = {
			isa = PBXContainerItemProxy;
			containerPortal = 8955223E00724B499023C316 /* Project object */;
			proxyType = 1;
			remoteGlobalIDString = 300F96CD396445F98A4658E6;
			remoteInfo = ZERO_CHECK;
		};
		5EB91EE1B96C41DC8D8532B4 /* PBXContainerItemProxy */ = {
			isa = PBXContainerItemProxy;
			containerPortal = 8955223E00724B499023C316 /* Project object */;
			proxyType = 1;
			remoteGlobalIDString = 300F96CD396445F98A4658E6;
			remoteInfo = ZERO_CHECK;
		};
/* End PBXContainerItemProxy section */

/* Begin PBXFileReference section */
		030D12A1482B4C12986FC5AF /* FinalProject */ = {isa = PBXFileReference; explicitFileType = "compiled.mach-o.executable"; path = FinalProject; sourceTree = BUILT_PRODUCTS_DIR; };
		6070C6019E1B406C90E816F9 /* /Users/olivia/FinalProject/FinalProject/src/GameMain.cpp */ = {isa = PBXFileReference; explicitFileType = sourcecode.cpp.cpp; fileEncoding = 4; name = GameMain.cpp; path = src/GameMain.cpp; sourceTree = SOURCE_ROOT; };
		79168CB2996B403C8C547F78 /* /Users/olivia/FinalProject/FinalProject/src/Levels.cpp */ = {isa = PBXFileReference; explicitFileType = sourcecode.cpp.cpp; fileEncoding = 4; name = Levels.cpp; path = src/Levels.cpp; sourceTree = SOURCE_ROOT; };
		8AB84230F90E4717B121BC75 /* /Users/olivia/FinalProject/FinalProject/src/GameFunctions.hpp */ = {isa = PBXFileReference; explicitFileType = sourcecode.cpp.h; fileEncoding = 4; name = GameFunctions.hpp; path = src/GameFunctions.hpp; sourceTree = SOURCE_ROOT; };
		A0A9CD9845384C76B1B425DD /* /Users/olivia/FinalProject/FinalProject/src/GameFunctions.cpp */ = {isa = PBXFileReference; explicitFileType = sourcecode.cpp.cpp; fileEncoding = 4; name = GameFunctions.cpp; path = src/GameFunctions.cpp; sourceTree = SOURCE_ROOT; };
		A0BC7F4553EC4E6F82526FF5 /* /Users/olivia/FinalProject/FinalProject/src/Levels.hpp */ = {isa = PBXFileReference; explicitFileType = sourcecode.cpp.h; fileEncoding = 4; name = Levels.hpp; path = src/Levels.hpp; sourceTree = SOURCE_ROOT; };
		A2359C34EC0340D99713F781 /* /Users/olivia/FinalProject/FinalProject/CMakeLists.txt */ = {isa = PBXFileReference; explicitFileType = sourcecode.text; fileEncoding = 4; name = CMakeLists.txt; path = CMakeLists.txt; sourceTree = SOURCE_ROOT; };
		AAA37E9E93F848DB8A1C7C53 /* /Users/olivia/FinalProject/FinalProject/CMakeLists.txt */ = {isa = PBXFileReference; explicitFileType = sourcecode.text; fileEncoding = 4; name = CMakeLists.txt; path = CMakeLists.txt; sourceTree = SOURCE_ROOT; };
/* End PBXFileReference section */

/* Begin PBXFrameworksBuildPhase section */
		F0ECB2655D844A43AC5C0657 /* Frameworks */ = {
			isa = PBXFrameworksBuildPhase;
			buildActionMask = 2147483647;
			files = (
			);
			runOnlyForDeploymentPostprocessing = 0;
		};
/* End PBXFrameworksBuildPhase section */

/* Begin PBXGroup section */
		2746C60AD8A84F9BA4002E81 /* Products */ = {
			isa = PBXGroup;
			children = (
				030D12A1482B4C12986FC5AF /* FinalProject */,
			);
			name = Products;
			sourceTree = "<group>";
		};
		5471F4B1430A42C7BED10809 = {
			isa = PBXGroup;
			children = (
				7C94DF60E84F45D585A6AAD6 /* FinalProject */,
				68BFACAC47A6423885488CC0 /* ALL_BUILD */,
				2746C60AD8A84F9BA4002E81 /* Products */,
				F6231EB738244034B2B12538 /* Frameworks */,
			);
			sourceTree = "<group>";
		};
		68BFACAC47A6423885488CC0 /* ALL_BUILD */ = {
			isa = PBXGroup;
			children = (
				6A8428DC21F44899B293F051 /* CMake Rules */,
				AAA37E9E93F848DB8A1C7C53 /* /Users/olivia/FinalProject/FinalProject/CMakeLists.txt */,
			);
			name = ALL_BUILD;
			sourceTree = "<group>";
		};
		6A8428DC21F44899B293F051 /* CMake Rules */ = {
			isa = PBXGroup;
			children = (
			);
			name = "CMake Rules";
			sourceTree = "<group>";
		};
		6CC8F6A9038D4B4F8A63FBAB /* Header Files */ = {
			isa = PBXGroup;
			children = (
				8AB84230F90E4717B121BC75 /* /Users/olivia/FinalProject/FinalProject/src/GameFunctions.hpp */,
				A0BC7F4553EC4E6F82526FF5 /* /Users/olivia/FinalProject/FinalProject/src/Levels.hpp */,
			);
			name = "Header Files";
			sourceTree = "<group>";
		};
		7C94DF60E84F45D585A6AAD6 /* FinalProject */ = {
			isa = PBXGroup;
			children = (
				8CE42DFD8B704A26B79E18F8 /* Source Files */,
				6CC8F6A9038D4B4F8A63FBAB /* Header Files */,
				A2359C34EC0340D99713F781 /* /Users/olivia/FinalProject/FinalProject/CMakeLists.txt */,
			);
			name = FinalProject;
			sourceTree = "<group>";
		};
		8CE42DFD8B704A26B79E18F8 /* Source Files */ = {
			isa = PBXGroup;
			children = (
				A0A9CD9845384C76B1B425DD /* /Users/olivia/FinalProject/FinalProject/src/GameFunctions.cpp */,
				6070C6019E1B406C90E816F9 /* /Users/olivia/FinalProject/FinalProject/src/GameMain.cpp */,
				79168CB2996B403C8C547F78 /* /Users/olivia/FinalProject/FinalProject/src/Levels.cpp */,
			);
			name = "Source Files";
			sourceTree = "<group>";
		};
		F6231EB738244034B2B12538 /* Frameworks */ = {
			isa = PBXGroup;
			children = (
			);
			name = Frameworks;
			sourceTree = "<group>";
		};
/* End PBXGroup section */

/* Begin PBXNativeTarget section */
		77732448F1C04AB0A60A464F /* FinalProject */ = {
			isa = PBXNativeTarget;
			buildConfigurationList = CDD0F63C9FDF44BC8215C26C /* Build configuration list for PBXNativeTarget "FinalProject" */;
			buildPhases = (
				F463B7BD05314A6EAD4E02FF /* Sources */,
				F0ECB2655D844A43AC5C0657 /* Frameworks */,
			);
			buildRules = (
			);
			dependencies = (
				E95977319F564EDCB56B2B94 /* PBXTargetDependency */,
			);
			name = FinalProject;
			productName = FinalProject;
			productReference = 030D12A1482B4C12986FC5AF /* FinalProject */;
			productType = "com.apple.product-type.tool";
		};
/* End PBXNativeTarget section */

/* Begin PBXProject section */
		8955223E00724B499023C316 /* Project object */ = {
			isa = PBXProject;
			attributes = {
				BuildIndependentTargetsInParallel = YES;
				LastUpgradeCheck = 1340;
			};
			buildConfigurationList = 9370A3C1F8A84BC29B65BB86 /* Build configuration list for PBXProject "FinalProject" */;
			buildSettings = {
			};
			buildStyles = (
				4C22EA3DD75A40DD86FADA7F /* Debug */,
				F9F5D06C4DE44C1FBD7C33A8 /* Release */,
				9AEACFD97B65408D90BC6993 /* MinSizeRel */,
				F82D411872004AF0B1B82B67 /* RelWithDebInfo */,
			);
			compatibilityVersion = "Xcode 3.2";
			hasScannedForEncodings = 0;
			mainGroup = 5471F4B1430A42C7BED10809;
			projectDirPath = /Users/olivia/FinalProject/FinalProject;
			projectRoot = "";
			targets = (
				963279ACB4194F07B25B13A5 /* ALL_BUILD */,
				77732448F1C04AB0A60A464F /* FinalProject */,
				300F96CD396445F98A4658E6 /* ZERO_CHECK */,
			);
		};
/* End PBXProject section */

/* Begin PBXShellScriptBuildPhase section */
		3C0110FC8322DE7E50886E21 = {
			isa = PBXShellScriptBuildPhase;
			buildActionMask = 2147483647;
			files = (
			);
			inputPaths = (
			);
			outputPaths = (
			);
			runOnlyForDeploymentPostprocessing = 0;
			shellPath = /bin/sh;
			shellScript = "# shell script goes here
exit 0";
			showEnvVarsInLog = 0;
		};
		820D08F8C8C1EA2AF26AD06F /* Generate CMakeFiles/ZERO_CHECK */ = {
			isa = PBXShellScriptBuildPhase;
			alwaysOutOfDate = 1;
			buildActionMask = 2147483647;
			files = (
			);
			inputPaths = (
			);
			name = "Generate CMakeFiles/ZERO_CHECK";
			outputPaths = (
/Users/olivia/FinalProject/FinalProject/xcode/CMakeFiles/ZERO_CHECK			);
			runOnlyForDeploymentPostprocessing = 0;
			shellPath = /bin/sh;
			shellScript = "set -e
if test \"$CONFIGURATION\" = \"Debug\"; then :
  cd /Users/olivia/FinalProject/FinalProject/xcode
  make -f /Users/olivia/FinalProject/FinalProject/xcode/CMakeScripts/ReRunCMake.make
fi
if test \"$CONFIGURATION\" = \"Release\"; then :
  cd /Users/olivia/FinalProject/FinalProject/xcode
  make -f /Users/olivia/FinalProject/FinalProject/xcode/CMakeScripts/ReRunCMake.make
fi
if test \"$CONFIGURATION\" = \"MinSizeRel\"; then :
  cd /Users/olivia/FinalProject/FinalProject/xcode
  make -f /Users/olivia/FinalProject/FinalProject/xcode/CMakeScripts/ReRunCMake.make
fi
if test \"$CONFIGURATION\" = \"RelWithDebInfo\"; then :
  cd /Users/olivia/FinalProject/FinalProject/xcode
  make -f /Users/olivia/FinalProject/FinalProject/xcode/CMakeScripts/ReRunCMake.make
fi
";
			showEnvVarsInLog = 0;
		};
		9B50530E35CC49C82C2FACCF = {
			isa = PBXShellScriptBuildPhase;
			buildActionMask = 2147483647;
			files = (
			);
			inputPaths = (
			);
			outputPaths = (
			);
			runOnlyForDeploymentPostprocessing = 0;
			shellPath = /bin/sh;
			shellScript = "# shell script goes here
exit 0";
			showEnvVarsInLog = 0;
		};
		C76AE49D9CE8C80446950557 /* Generate CMakeFiles/ALL_BUILD */ = {
			isa = PBXShellScriptBuildPhase;
			alwaysOutOfDate = 1;
			buildActionMask = 2147483647;
			files = (
			);
			inputPaths = (
			);
			name = "Generate CMakeFiles/ALL_BUILD";
			outputPaths = (
/Users/olivia/FinalProject/FinalProject/xcode/CMakeFiles/ALL_BUILD			);
			runOnlyForDeploymentPostprocessing = 0;
			shellPath = /bin/sh;
			shellScript = "set -e
if test \"$CONFIGURATION\" = \"Debug\"; then :
  cd /Users/olivia/FinalProject/FinalProject/xcode
  echo Build\\ all\\ projects
fi
if test \"$CONFIGURATION\" = \"Release\"; then :
  cd /Users/olivia/FinalProject/FinalProject/xcode
  echo Build\\ all\\ projects
fi
if test \"$CONFIGURATION\" = \"MinSizeRel\"; then :
  cd /Users/olivia/FinalProject/FinalProject/xcode
  echo Build\\ all\\ projects
fi
if test \"$CONFIGURATION\" = \"RelWithDebInfo\"; then :
  cd /Users/olivia/FinalProject/FinalProject/xcode
  echo Build\\ all\\ projects
fi
";
			showEnvVarsInLog = 0;
		};
/* End PBXShellScriptBuildPhase section */

/* Begin PBXSourcesBuildPhase section */
		F463B7BD05314A6EAD4E02FF /* Sources */ = {
			isa = PBXSourcesBuildPhase;
			buildActionMask = 2147483647;
			files = (
				EA6AA2BA70914318831BD532 /* /Users/olivia/FinalProject/FinalProject/src/GameFunctions.cpp */,
				DEA783E0BB044534875B6C83 /* /Users/olivia/FinalProject/FinalProject/src/GameMain.cpp */,
				35BA36786B0247F7A34C2CEF /* /Users/olivia/FinalProject/FinalProject/src/Levels.cpp */,
			);
			runOnlyForDeploymentPostprocessing = 0;
		};
/* End PBXSourcesBuildPhase section */

/* Begin PBXTargetDependency section */
		62BD8EA075DB4CD58E369EE7 /* PBXTargetDependency */ = {
			isa = PBXTargetDependency;
			target = 77732448F1C04AB0A60A464F /* FinalProject */;
			targetProxy = 2485E59C90A94E40AD43C84E /* PBXContainerItemProxy */;
		};
		CE5EEDC87922453DA6E60E26 /* PBXTargetDependency */ = {
			isa = PBXTargetDependency;
			target = 300F96CD396445F98A4658E6 /* ZERO_CHECK */;
			targetProxy = 5EB91EE1B96C41DC8D8532B4 /* PBXContainerItemProxy */;
		};
		E95977319F564EDCB56B2B94 /* PBXTargetDependency */ = {
			isa = PBXTargetDependency;
			target = 300F96CD396445F98A4658E6 /* ZERO_CHECK */;
			targetProxy = 357BA9EE576E434EA97357B9 /* PBXContainerItemProxy */;
		};
/* End PBXTargetDependency section */

/* Begin XCBuildConfiguration section */
		2721777DC39E45DB814024B8 /* Release */ = {
			isa = XCBuildConfiguration;
			buildSettings = {
				ARCHS = arm64;
				SDKROOT = /Applications/Xcode.app/Contents/Developer/Platforms/MacOSX.platform/Developer/SDKs/MacOSX12.3.sdk;
				SYMROOT = /Users/olivia/FinalProject/FinalProject/xcode/build;
			};
			name = Release;
		};
		4BD09B7C303047EB84FC1CA2 /* MinSizeRel */ = {
			isa = XCBuildConfiguration;
			buildSettings = {
				ARCHS = arm64;
				COMBINE_HIDPI_IMAGES = YES;
				EXECUTABLE_PREFIX = "";
				EXECUTABLE_SUFFIX = "";
				GCC_GENERATE_DEBUGGING_SYMBOLS = NO;
				GCC_INLINES_ARE_PRIVATE_EXTERN = NO;
				GCC_OPTIMIZATION_LEVEL = s;
				GCC_PREPROCESSOR_DEFINITIONS = ("'CMAKE_INTDIR=\"$(CONFIGURATION)$(EFFECTIVE_PLATFORM_NAME)\"'","$(inherited)");
				GCC_SYMBOLS_PRIVATE_EXTERN = NO;
				INSTALL_PATH = "";
				LD_RUNPATH_SEARCH_PATHS = (/opt/homebrew/lib,"$(inherited)");
				ONLY_ACTIVE_ARCH = NO;
				OTHER_CPLUSPLUSFLAGS = "    -DNDEBUG '-std=c++17' ";
				OTHER_LDFLAGS = (" -Wl,-search_paths_first -Wl,-headerpad_max_install_names","/opt/homebrew/lib/libsfml-graphics.2.5.1.dylib","/opt/homebrew/lib/libsfml-window.2.5.1.dylib","/opt/homebrew/lib/libsfml-system.2.5.1.dylib","$(inherited)");
				OTHER_REZFLAGS = "";
				PRODUCT_NAME = FinalProject;
				SECTORDER_FLAGS = "";
				SYMROOT = /Users/olivia/FinalProject/FinalProject/xcode;
				SYSTEM_HEADER_SEARCH_PATHS = (/opt/homebrew/include,"$(inherited)");
				USE_HEADERMAP = NO;
				WARNING_CFLAGS = ("$(inherited)");
			};
			name = MinSizeRel;
		};
		5409E2F427804A0891AB2215 /* Release */ = {
			isa = XCBuildConfiguration;
			buildSettings = {
				ARCHS = arm64;
				COMBINE_HIDPI_IMAGES = YES;
				EXECUTABLE_PREFIX = "";
				EXECUTABLE_SUFFIX = "";
				GCC_GENERATE_DEBUGGING_SYMBOLS = NO;
				GCC_INLINES_ARE_PRIVATE_EXTERN = NO;
				GCC_OPTIMIZATION_LEVEL = 3;
				GCC_PREPROCESSOR_DEFINITIONS = ("'CMAKE_INTDIR=\"$(CONFIGURATION)$(EFFECTIVE_PLATFORM_NAME)\"'","$(inherited)");
				GCC_SYMBOLS_PRIVATE_EXTERN = NO;
				INSTALL_PATH = "";
				LD_RUNPATH_SEARCH_PATHS = (/opt/homebrew/lib,"$(inherited)");
				ONLY_ACTIVE_ARCH = NO;
				OTHER_CPLUSPLUSFLAGS = "    -DNDEBUG '-std=c++17' ";
				OTHER_LDFLAGS = (" -Wl,-search_paths_first -Wl,-headerpad_max_install_names","/opt/homebrew/lib/libsfml-graphics.2.5.1.dylib","/opt/homebrew/lib/libsfml-window.2.5.1.dylib","/opt/homebrew/lib/libsfml-system.2.5.1.dylib","$(inherited)");
				OTHER_REZFLAGS = "";
				PRODUCT_NAME = FinalProject;
				SECTORDER_FLAGS = "";
				SYMROOT = /Users/olivia/FinalProject/FinalProject/xcode;
				SYSTEM_HEADER_SEARCH_PATHS = (/opt/homebrew/include,"$(inherited)");
				USE_HEADERMAP = NO;
				WARNING_CFLAGS = ("$(inherited)");
			};
			name = Release;
		};
		600FB4FD46294A90AA933B4D /* Release */ = {
			isa = XCBuildConfiguration;
			buildSettings = {
				ARCHS = arm64;
				COMBINE_HIDPI_IMAGES = YES;
				GCC_GENERATE_DEBUGGING_SYMBOLS = YES;
				GCC_INLINES_ARE_PRIVATE_EXTERN = NO;
				GCC_OPTIMIZATION_LEVEL = 0;
				GCC_PREPROCESSOR_DEFINITIONS = ("'CMAKE_INTDIR=\"$(CONFIGURATION)$(EFFECTIVE_PLATFORM_NAME)\"'","$(inherited)");
				GCC_SYMBOLS_PRIVATE_EXTERN = NO;
				INSTALL_PATH = "";
				ONLY_ACTIVE_ARCH = NO;
				OTHER_LDFLAGS = ("","$(inherited)");
				OTHER_REZFLAGS = "";
				PRODUCT_NAME = ZERO_CHECK;
				SECTORDER_FLAGS = "";
				SYMROOT = /Users/olivia/FinalProject/FinalProject/xcode;
				USE_HEADERMAP = NO;
				WARNING_CFLAGS = ("$(inherited)");
			};
			name = Release;
		};
		6C3F3F40D4574769B8F2553D /* MinSizeRel */ = {
			isa = XCBuildConfiguration;
			buildSettings = {
				ARCHS = arm64;
				COMBINE_HIDPI_IMAGES = YES;
				GCC_GENERATE_DEBUGGING_SYMBOLS = YES;
				GCC_INLINES_ARE_PRIVATE_EXTERN = NO;
				GCC_OPTIMIZATION_LEVEL = 0;
				GCC_PREPROCESSOR_DEFINITIONS = ("'CMAKE_INTDIR=\"$(CONFIGURATION)$(EFFECTIVE_PLATFORM_NAME)\"'","$(inherited)");
				GCC_SYMBOLS_PRIVATE_EXTERN = NO;
				INSTALL_PATH = "";
				ONLY_ACTIVE_ARCH = NO;
				OTHER_LDFLAGS = ("","$(inherited)");
				OTHER_REZFLAGS = "";
				PRODUCT_NAME = ZERO_CHECK;
				SECTORDER_FLAGS = "";
				SYMROOT = /Users/olivia/FinalProject/FinalProject/xcode;
				USE_HEADERMAP = NO;
				WARNING_CFLAGS = ("$(inherited)");
			};
			name = MinSizeRel;
		};
		7993CD97D72943BFA610F129 /* Release */ = {
			isa = XCBuildConfiguration;
			buildSettings = {
				ARCHS = arm64;
				COMBINE_HIDPI_IMAGES = YES;
				GCC_GENERATE_DEBUGGING_SYMBOLS = YES;
				GCC_INLINES_ARE_PRIVATE_EXTERN = NO;
				GCC_OPTIMIZATION_LEVEL = 0;
				GCC_PREPROCESSOR_DEFINITIONS = ("'CMAKE_INTDIR=\"$(CONFIGURATION)$(EFFECTIVE_PLATFORM_NAME)\"'","$(inherited)");
				GCC_SYMBOLS_PRIVATE_EXTERN = NO;
				INSTALL_PATH = "";
				ONLY_ACTIVE_ARCH = NO;
				OTHER_LDFLAGS = ("","$(inherited)");
				OTHER_REZFLAGS = "";
				PRODUCT_NAME = ALL_BUILD;
				SECTORDER_FLAGS = "";
				SYMROOT = /Users/olivia/FinalProject/FinalProject/xcode;
				USE_HEADERMAP = NO;
				WARNING_CFLAGS = ("$(inherited)");
			};
			name = Release;
		};
		99FB9120D3B24A8DB4794B65 /* MinSizeRel */ = {
			isa = XCBuildConfiguration;
			buildSettings = {
				ARCHS = arm64;
				SDKROOT = /Applications/Xcode.app/Contents/Developer/Platforms/MacOSX.platform/Developer/SDKs/MacOSX12.3.sdk;
				SYMROOT = /Users/olivia/FinalProject/FinalProject/xcode/build;
			};
			name = MinSizeRel;
		};
		A0F9C883D40E47449CEBFE54 /* RelWithDebInfo */ = {
			isa = XCBuildConfiguration;
			buildSettings = {
				ARCHS = arm64;
				COMBINE_HIDPI_IMAGES = YES;
				GCC_GENERATE_DEBUGGING_SYMBOLS = YES;
				GCC_INLINES_ARE_PRIVATE_EXTERN = NO;
				GCC_OPTIMIZATION_LEVEL = 0;
				GCC_PREPROCESSOR_DEFINITIONS = ("'CMAKE_INTDIR=\"$(CONFIGURATION)$(EFFECTIVE_PLATFORM_NAME)\"'","$(inherited)");
				GCC_SYMBOLS_PRIVATE_EXTERN = NO;
				INSTALL_PATH = "";
				ONLY_ACTIVE_ARCH = NO;
				OTHER_LDFLAGS = ("","$(inherited)");
				OTHER_REZFLAGS = "";
				PRODUCT_NAME = ALL_BUILD;
				SECTORDER_FLAGS = "";
				SYMROOT = /Users/olivia/FinalProject/FinalProject/xcode;
				USE_HEADERMAP = NO;
				WARNING_CFLAGS = ("$(inherited)");
			};
			name = RelWithDebInfo;
		};
		A285212406FC42A5916D7248 /* Debug */ = {
			isa = XCBuildConfiguration;
			buildSettings = {
				ARCHS = arm64;
				COMBINE_HIDPI_IMAGES = YES;
				EXECUTABLE_PREFIX = "";
				EXECUTABLE_SUFFIX = "";
				GCC_GENERATE_DEBUGGING_SYMBOLS = YES;
				GCC_INLINES_ARE_PRIVATE_EXTERN = NO;
				GCC_OPTIMIZATION_LEVEL = 0;
				GCC_PREPROCESSOR_DEFINITIONS = ("'CMAKE_INTDIR=\"$(CONFIGURATION)$(EFFECTIVE_PLATFORM_NAME)\"'","$(inherited)");
				GCC_SYMBOLS_PRIVATE_EXTERN = NO;
				INSTALL_PATH = "";
				LD_RUNPATH_SEARCH_PATHS = (/opt/homebrew/lib,"$(inherited)");
				ONLY_ACTIVE_ARCH = NO;
				OTHER_CPLUSPLUSFLAGS = "   '-std=c++17' ";
				OTHER_LDFLAGS = (" -Wl,-search_paths_first -Wl,-headerpad_max_install_names","/opt/homebrew/lib/libsfml-graphics.2.5.1.dylib","/opt/homebrew/lib/libsfml-window.2.5.1.dylib","/opt/homebrew/lib/libsfml-system.2.5.1.dylib","$(inherited)");
				OTHER_REZFLAGS = "";
				PRODUCT_NAME = FinalProject;
				SECTORDER_FLAGS = "";
				SYMROOT = /Users/olivia/FinalProject/FinalProject/xcode;
				SYSTEM_HEADER_SEARCH_PATHS = (/opt/homebrew/include,"$(inherited)");
				USE_HEADERMAP = NO;
				WARNING_CFLAGS = ("$(inherited)");
			};
			name = Debug;
		};
		B6EA2B4CE67645319F90E74B /* MinSizeRel */ = {
			isa = XCBuildConfiguration;
			buildSettings = {
				ARCHS = arm64;
				COMBINE_HIDPI_IMAGES = YES;
				GCC_GENERATE_DEBUGGING_SYMBOLS = YES;
				GCC_INLINES_ARE_PRIVATE_EXTERN = NO;
				GCC_OPTIMIZATION_LEVEL = 0;
				GCC_PREPROCESSOR_DEFINITIONS = ("'CMAKE_INTDIR=\"$(CONFIGURATION)$(EFFECTIVE_PLATFORM_NAME)\"'","$(inherited)");
				GCC_SYMBOLS_PRIVATE_EXTERN = NO;
				INSTALL_PATH = "";
				ONLY_ACTIVE_ARCH = NO;
				OTHER_LDFLAGS = ("","$(inherited)");
				OTHER_REZFLAGS = "";
				PRODUCT_NAME = ALL_BUILD;
				SECTORDER_FLAGS = "";
				SYMROOT = /Users/olivia/FinalProject/FinalProject/xcode;
				USE_HEADERMAP = NO;
				WARNING_CFLAGS = ("$(inherited)");
			};
			name = MinSizeRel;
		};
		CA9D5A4D03F44F5693E1381B /* RelWithDebInfo */ = {
			isa = XCBuildConfiguration;
			buildSettings = {
				ARCHS = arm64;
				SDKROOT = /Applications/Xcode.app/Contents/Developer/Platforms/MacOSX.platform/Developer/SDKs/MacOSX12.3.sdk;
				SYMROOT = /Users/olivia/FinalProject/FinalProject/xcode/build;
			};
			name = RelWithDebInfo;
		};
		DEC9FC9300F049938D4476BF /* RelWithDebInfo */ = {
			isa = XCBuildConfiguration;
			buildSettings = {
				ARCHS = arm64;
				COMBINE_HIDPI_IMAGES = YES;
				GCC_GENERATE_DEBUGGING_SYMBOLS = YES;
				GCC_INLINES_ARE_PRIVATE_EXTERN = NO;
				GCC_OPTIMIZATION_LEVEL = 0;
				GCC_PREPROCESSOR_DEFINITIONS = ("'CMAKE_INTDIR=\"$(CONFIGURATION)$(EFFECTIVE_PLATFORM_NAME)\"'","$(inherited)");
				GCC_SYMBOLS_PRIVATE_EXTERN = NO;
				INSTALL_PATH = "";
				ONLY_ACTIVE_ARCH = NO;
				OTHER_LDFLAGS = ("","$(inherited)");
				OTHER_REZFLAGS = "";
				PRODUCT_NAME = ZERO_CHECK;
				SECTORDER_FLAGS = "";
				SYMROOT = /Users/olivia/FinalProject/FinalProject/xcode;
				USE_HEADERMAP = NO;
				WARNING_CFLAGS = ("$(inherited)");
			};
			name = RelWithDebInfo;
		};
		DF2FFB5DCFF94970A78151C1 /* Debug */ = {
			isa = XCBuildConfiguration;
			buildSettings = {
				ARCHS = arm64;
				SDKROOT = /Applications/Xcode.app/Contents/Developer/Platforms/MacOSX.platform/Developer/SDKs/MacOSX12.3.sdk;
				SYMROOT = /Users/olivia/FinalProject/FinalProject/xcode/build;
			};
			name = Debug;
		};
		DF373E7DAB1F4407BB0EA1D6 /* Debug */ = {
			isa = XCBuildConfiguration;
			buildSettings = {
				ARCHS = arm64;
				COMBINE_HIDPI_IMAGES = YES;
				GCC_GENERATE_DEBUGGING_SYMBOLS = YES;
				GCC_INLINES_ARE_PRIVATE_EXTERN = NO;
				GCC_OPTIMIZATION_LEVEL = 0;
				GCC_PREPROCESSOR_DEFINITIONS = ("'CMAKE_INTDIR=\"$(CONFIGURATION)$(EFFECTIVE_PLATFORM_NAME)\"'","$(inherited)");
				GCC_SYMBOLS_PRIVATE_EXTERN = NO;
				INSTALL_PATH = "";
				ONLY_ACTIVE_ARCH = NO;
				OTHER_LDFLAGS = ("","$(inherited)");
				OTHER_REZFLAGS = "";
				PRODUCT_NAME = ALL_BUILD;
				SECTORDER_FLAGS = "";
				SYMROOT = /Users/olivia/FinalProject/FinalProject/xcode;
				USE_HEADERMAP = NO;
				WARNING_CFLAGS = ("$(inherited)");
			};
			name = Debug;
		};
		E382BEB9FB2D4C39897B607C /* RelWithDebInfo */ = {
			isa = XCBuildConfiguration;
			buildSettings = {
				ARCHS = arm64;
				COMBINE_HIDPI_IMAGES = YES;
				EXECUTABLE_PREFIX = "";
				EXECUTABLE_SUFFIX = "";
				GCC_GENERATE_DEBUGGING_SYMBOLS = YES;
				GCC_INLINES_ARE_PRIVATE_EXTERN = NO;
				GCC_OPTIMIZATION_LEVEL = 2;
				GCC_PREPROCESSOR_DEFINITIONS = ("'CMAKE_INTDIR=\"$(CONFIGURATION)$(EFFECTIVE_PLATFORM_NAME)\"'","$(inherited)");
				GCC_SYMBOLS_PRIVATE_EXTERN = NO;
				INSTALL_PATH = "";
				LD_RUNPATH_SEARCH_PATHS = (/opt/homebrew/lib,"$(inherited)");
				ONLY_ACTIVE_ARCH = NO;
				OTHER_CPLUSPLUSFLAGS = "       -DNDEBUG '-std=c++17' ";
				OTHER_LDFLAGS = (" -Wl,-search_paths_first -Wl,-headerpad_max_install_names","/opt/homebrew/lib/libsfml-graphics.2.5.1.dylib","/opt/homebrew/lib/libsfml-window.2.5.1.dylib","/opt/homebrew/lib/libsfml-system.2.5.1.dylib","$(inherited)");
				OTHER_REZFLAGS = "";
				PRODUCT_NAME = FinalProject;
				SECTORDER_FLAGS = "";
				SYMROOT = /Users/olivia/FinalProject/FinalProject/xcode;
				SYSTEM_HEADER_SEARCH_PATHS = (/opt/homebrew/include,"$(inherited)");
				USE_HEADERMAP = NO;
				WARNING_CFLAGS = ("$(inherited)");
			};
			name = RelWithDebInfo;
		};
		FCAE6D5D397B4E44952E4755 /* Debug */ = {
			isa = XCBuildConfiguration;
			buildSettings = {
				ARCHS = arm64;
				COMBINE_HIDPI_IMAGES = YES;
				GCC_GENERATE_DEBUGGING_SYMBOLS = YES;
				GCC_INLINES_ARE_PRIVATE_EXTERN = NO;
				GCC_OPTIMIZATION_LEVEL = 0;
				GCC_PREPROCESSOR_DEFINITIONS = ("'CMAKE_INTDIR=\"$(CONFIGURATION)$(EFFECTIVE_PLATFORM_NAME)\"'","$(inherited)");
				GCC_SYMBOLS_PRIVATE_EXTERN = NO;
				INSTALL_PATH = "";
				ONLY_ACTIVE_ARCH = NO;
				OTHER_LDFLAGS = ("","$(inherited)");
				OTHER_REZFLAGS = "";
				PRODUCT_NAME = ZERO_CHECK;
				SECTORDER_FLAGS = "";
				SYMROOT = /Users/olivia/FinalProject/FinalProject/xcode;
				USE_HEADERMAP = NO;
				WARNING_CFLAGS = ("$(inherited)");
			};
			name = Debug;
		};
/* End XCBuildConfiguration section */

/* Begin XCConfigurationList section */
		276CED907B5F4BDB80253331 /* Build configuration list for PBXAggregateTarget "ALL_BUILD" */ = {
			isa = XCConfigurationList;
			buildConfigurations = (
				DF373E7DAB1F4407BB0EA1D6 /* Debug */,
				7993CD97D72943BFA610F129 /* Release */,
				B6EA2B4CE67645319F90E74B /* MinSizeRel */,
				A0F9C883D40E47449CEBFE54 /* RelWithDebInfo */,
			);
			defaultConfigurationIsVisible = 0;
			defaultConfigurationName = Debug;
		};
		9370A3C1F8A84BC29B65BB86 /* Build configuration list for PBXProject "FinalProject" */ = {
			isa = XCConfigurationList;
			buildConfigurations = (
				DF2FFB5DCFF94970A78151C1 /* Debug */,
				2721777DC39E45DB814024B8 /* Release */,
				99FB9120D3B24A8DB4794B65 /* MinSizeRel */,
				CA9D5A4D03F44F5693E1381B /* RelWithDebInfo */,
			);
			defaultConfigurationIsVisible = 0;
			defaultConfigurationName = Debug;
		};
		AA61BE4AF5D74DAE872F89D6 /* Build configuration list for PBXAggregateTarget "ZERO_CHECK" */ = {
			isa = XCConfigurationList;
			buildConfigurations = (
				FCAE6D5D397B4E44952E4755 /* Debug */,
				600FB4FD46294A90AA933B4D /* Release */,
				6C3F3F40D4574769B8F2553D /* MinSizeRel */,
				DEC9FC9300F049938D4476BF /* RelWithDebInfo */,
			);
			defaultConfigurationIsVisible = 0;
			defaultConfigurationName = Debug;
		};
		CDD0F63C9FDF44BC8215C26C /* Build configuration list for PBXNativeTarget "FinalProject" */ = {
			isa = XCConfigurationList;
			buildConfigurations = (
				A285212406FC42A5916D7248 /* Debug */,
				5409E2F427804A0891AB2215 /* Release */,
				4BD09B7C303047EB84FC1CA2 /* MinSizeRel */,
				E382BEB9FB2D4C39897B607C /* RelWithDebInfo */,
			);
			defaultConfigurationIsVisible = 0;
			defaultConfigurationName = Debug;
		};
/* End XCConfigurationList section */
	};
	rootObject = 8955223E00724B499023C316 /* Project object */;
}
